Microsoft Visual Studio Solution File, Format Version 12.00
# Visual Studio Version 16
VisualStudioVersion = 16.0.0.0
MinimumVisualStudioVersion = 16.0.0.0
Project("{9A19103F-16F7-4668-BE54-9A1E7A4F7556}") = "LogicLoom.AiNews.UI.Server", "Server\LogicLoom.AiNews.UI.Server.csproj", "{B6D88126-2D11-45FA-8CF8-EAEF1DB32033}"
EndProject
Project("{9A19103F-16F7-4668-BE54-9A1E7A4F7556}") = "LogicLoom.AiNews.UI.Client", "Client\LogicLoom.AiNews.UI.Client.csproj", "{F3805BBA-ABB1-43C8-9EA8-2759FF67A4B3}"
EndProject
Project("{9A19103F-16F7-4668-BE54-9A1E7A4F7556}") = "LogicLoom.AiNews.UI.Shared", "Shared\LogicLoom.AiNews.UI.Shared.csproj", "{2D71DFB1-6607-4DA7-88BE-F3546117FB25}"
EndProject
Global
	GlobalSection(SolutionConfigurationPlatforms) = preSolution
		Debug|Any CPU = Debug|Any CPU
		Debug|x64 = Debug|x64
		Debug|x86 = Debug|x86
		Release|Any CPU = Release|Any CPU
		Release|x64 = Release|x64
		Release|x86 = Release|x86
	EndGlobalSection
	GlobalSection(ProjectConfigurationPlatforms) = postSolution
		{F3805BBA-ABB1-43C8-9EA8-2759FF67A4B3}.Debug|Any CPU.ActiveCfg = Debug|Any CPU
		{F3805BBA-ABB1-43C8-9EA8-2759FF67A4B3}.Debug|Any CPU.Build.0 = Debug|Any CPU
		{F3805BBA-ABB1-43C8-9EA8-2759FF67A4B3}.Debug|x64.ActiveCfg = Debug|Any CPU
		{F3805BBA-ABB1-43C8-9EA8-2759FF67A4B3}.Debug|x64.Build.0 = Debug|Any CPU
		{F3805BBA-ABB1-43C8-9EA8-2759FF67A4B3}.Debug|x86.ActiveCfg = Debug|Any CPU
		{F3805BBA-ABB1-43C8-9EA8-2759FF67A4B3}.Debug|x86.Build.0 = Debug|Any CPU
		{F3805BBA-ABB1-43C8-9EA8-2759FF67A4B3}.Release|Any CPU.ActiveCfg = Release|Any CPU
		{F3805BBA-ABB1-43C8-9EA8-2759FF67A4B3}.Release|Any CPU.Build.0 = Release|Any CPU
		{F3805BBA-ABB1-43C8-9EA8-2759FF67A4B3}.Release|x64.ActiveCfg = Release|Any CPU
		{F3805BBA-ABB1-43C8-9EA8-2759FF67A4B3}.Release|x64.Build.0 = Release|Any CPU
		{F3805BBA-ABB1-43C8-9EA8-2759FF67A4B3}.Release|x86.ActiveCfg = Release|Any CPU
		{F3805BBA-ABB1-43C8-9EA8-2759FF67A4B3}.Release|x86.Build.0 = Release|Any CPU
		{B6D88126-2D11-45FA-8CF8-EAEF1DB32033}.Debug|Any CPU.ActiveCfg = Debug|Any CPU
		{B6D88126-2D11-45FA-8CF8-EAEF1DB32033}.Debug|Any CPU.Build.0 = Debug|Any CPU
		{B6D88126-2D11-45FA-8CF8-EAEF1DB32033}.Debug|x64.ActiveCfg = Debug|Any CPU
		{B6D88126-2D11-45FA-8CF8-EAEF1DB32033}.Debug|x64.Build.0 = Debug|Any CPU
		{B6D88126-2D11-45FA-8CF8-EAEF1DB32033}.Debug|x86.ActiveCfg = Debug|Any CPU
		{B6D88126-2D11-45FA-8CF8-EAEF1DB32033}.Debug|x86.Build.0 = Debug|Any CPU
		{B6D88126-2D11-45FA-8CF8-EAEF1DB32033}.Release|Any CPU.ActiveCfg = Release|Any CPU
		{B6D88126-2D11-45FA-8CF8-EAEF1DB32033}.Release|Any CPU.Build.0 = Release|Any CPU
		{B6D88126-2D11-45FA-8CF8-EAEF1DB32033}.Release|x64.ActiveCfg = Release|Any CPU
		{B6D88126-2D11-45FA-8CF8-EAEF1DB32033}.Release|x64.Build.0 = Release|Any CPU
		{B6D88126-2D11-45FA-8CF8-EAEF1DB32033}.Release|x86.ActiveCfg = Release|Any CPU
		{B6D88126-2D11-45FA-8CF8-EAEF1DB32033}.Release|x86.Build.0 = Release|Any CPU
		{2D71DFB1-6607-4DA7-88BE-F3546117FB25}.Debug|Any CPU.ActiveCfg = Debug|Any CPU
		{2D71DFB1-6607-4DA7-88BE-F3546117FB25}.Debug|Any CPU.Build.0 = Debug|Any CPU
		{2D71DFB1-6607-4DA7-88BE-F3546117FB25}.Debug|x64.ActiveCfg = Debug|Any CPU
		{2D71DFB1-6607-4DA7-88BE-F3546117FB25}.Debug|x64.Build.0 = Debug|Any CPU
		{2D71DFB1-6607-4DA7-88BE-F3546117FB25}.Debug|x86.ActiveCfg = Debug|Any CPU
		{2D71DFB1-6607-4DA7-88BE-F3546117FB25}.Debug|x86.Build.0 = Debug|Any CPU
		{2D71DFB1-6607-4DA7-88BE-F3546117FB25}.Release|Any CPU.ActiveCfg = Release|Any CPU
		{2D71DFB1-6607-4DA7-88BE-F3546117FB25}.Release|Any CPU.Build.0 = Release|Any CPU
		{2D71DFB1-6607-4DA7-88BE-F3546117FB25}.Release|x64.ActiveCfg = Release|Any CPU
		{2D71DFB1-6607-4DA7-88BE-F3546117FB25}.Release|x64.Build.0 = Release|Any CPU
		{2D71DFB1-6607-4DA7-88BE-F3546117FB25}.Release|x86.ActiveCfg = Release|Any CPU
		{2D71DFB1-6607-4DA7-88BE-F3546117FB25}.Release|x86.Build.0 = Release|Any CPU
	EndGlobalSection
	GlobalSection(SolutionProperties) = preSolution
		HideSolutionNode = FALSE
	EndGlobalSection
	GlobalSection(ExtensibilityGlobals) = postSolution
		SolutionGuid = {A409D15E-A013-46EF-B217-E398179B7071}
	EndGlobalSection
EndGlobal