
Microsoft Visual Studio Solution File, Format Version 12.00
# Visual Studio Version 17
VisualStudioVersion = 17.0.31903.59
MinimumVisualStudioVersion = 10.0.40219.1
Project("{FAE04EC0-301F-11D3-BF4B-00C04F79EFBC}") = "LogicLoom.AiNews.Api", "LogicLoom.AiNews.Api\LogicLoom.AiNews.Api.csproj", "{22A9CFFF-DFF1-4EEA-9C95-D45BBAB820DA}"
EndProject
Project("{FAE04EC0-301F-11D3-BF4B-00C04F79EFBC}") = "LogicLoom.AiNews.Core", "LogicLoom.AiNews.Core\LogicLoom.AiNews.Core.csproj", "{6FA65F08-C233-4031-AF5C-F3944A72FEC2}"
EndProject
Project("{2150E333-8FDC-42A3-9474-1A3956D46DE8}") = "LogicLoom.AiNews.UI", "LogicLoom.AiNews.UI", "{39D015AD-C082-7B20-CB16-B6382400A82B}"
EndProject
Project("{2150E333-8FDC-42A3-9474-1A3956D46DE8}") = "Client", "Client", "{7415EA8A-CBF3-509F-058B-DE5FB4485440}"
EndProject
Project("{FAE04EC0-301F-11D3-BF4B-00C04F79EFBC}") = "LogicLoom.AiNews.UI.Client", "LogicLoom.AiNews.UI\Client\LogicLoom.AiNews.UI.Client.csproj", "{6ED9FDE8-AC97-4967-80BD-EA66E5C604E0}"
EndProject
Global
	GlobalSection(SolutionConfigurationPlatforms) = preSolution
		Debug|Any CPU = Debug|Any CPU
		Debug|x64 = Debug|x64
		Debug|x86 = Debug|x86
		Release|Any CPU = Release|Any CPU
		Release|x64 = Release|x64
		Release|x86 = Release|x86
	EndGlobalSection
	GlobalSection(ProjectConfigurationPlatforms) = postSolution
		{22A9CFFF-DFF1-4EEA-9C95-D45BBAB820DA}.Debug|Any CPU.ActiveCfg = Debug|Any CPU
		{22A9CFFF-DFF1-4EEA-9C95-D45BBAB820DA}.Debug|Any CPU.Build.0 = Debug|Any CPU
		{22A9CFFF-DFF1-4EEA-9C95-D45BBAB820DA}.Debug|x64.ActiveCfg = Debug|Any CPU
		{22A9CFFF-DFF1-4EEA-9C95-D45BBAB820DA}.Debug|x64.Build.0 = Debug|Any CPU
		{22A9CFFF-DFF1-4EEA-9C95-D45BBAB820DA}.Debug|x86.ActiveCfg = Debug|Any CPU
		{22A9CFFF-DFF1-4EEA-9C95-D45BBAB820DA}.Debug|x86.Build.0 = Debug|Any CPU
		{22A9CFFF-DFF1-4EEA-9C95-D45BBAB820DA}.Release|Any CPU.ActiveCfg = Release|Any CPU
		{22A9CFFF-DFF1-4EEA-9C95-D45BBAB820DA}.Release|Any CPU.Build.0 = Release|Any CPU
		{22A9CFFF-DFF1-4EEA-9C95-D45BBAB820DA}.Release|x64.ActiveCfg = Release|Any CPU
		{22A9CFFF-DFF1-4EEA-9C95-D45BBAB820DA}.Release|x64.Build.0 = Release|Any CPU
		{22A9CFFF-DFF1-4EEA-9C95-D45BBAB820DA}.Release|x86.ActiveCfg = Release|Any CPU
		{22A9CFFF-DFF1-4EEA-9C95-D45BBAB820DA}.Release|x86.Build.0 = Release|Any CPU
		{6FA65F08-C233-4031-AF5C-F3944A72FEC2}.Debug|Any CPU.ActiveCfg = Debug|Any CPU
		{6FA65F08-C233-4031-AF5C-F3944A72FEC2}.Debug|Any CPU.Build.0 = Debug|Any CPU
		{6FA65F08-C233-4031-AF5C-F3944A72FEC2}.Debug|x64.ActiveCfg = Debug|Any CPU
		{6FA65F08-C233-4031-AF5C-F3944A72FEC2}.Debug|x64.Build.0 = Debug|Any CPU
		{6FA65F08-C233-4031-AF5C-F3944A72FEC2}.Debug|x86.ActiveCfg = Debug|Any CPU
		{6FA65F08-C233-4031-AF5C-F3944A72FEC2}.Debug|x86.Build.0 = Debug|Any CPU
		{6FA65F08-C233-4031-AF5C-F3944A72FEC2}.Release|Any CPU.ActiveCfg = Release|Any CPU
		{6FA65F08-C233-4031-AF5C-F3944A72FEC2}.Release|Any CPU.Build.0 = Release|Any CPU
		{6FA65F08-C233-4031-AF5C-F3944A72FEC2}.Release|x64.ActiveCfg = Release|Any CPU
		{6FA65F08-C233-4031-AF5C-F3944A72FEC2}.Release|x64.Build.0 = Release|Any CPU
		{6FA65F08-C233-4031-AF5C-F3944A72FEC2}.Release|x86.ActiveCfg = Release|Any CPU
		{6FA65F08-C233-4031-AF5C-F3944A72FEC2}.Release|x86.Build.0 = Release|Any CPU
		{6ED9FDE8-AC97-4967-80BD-EA66E5C604E0}.Debug|Any CPU.ActiveCfg = Debug|Any CPU
		{6ED9FDE8-AC97-4967-80BD-EA66E5C604E0}.Debug|Any CPU.Build.0 = Debug|Any CPU
		{6ED9FDE8-AC97-4967-80BD-EA66E5C604E0}.Debug|x64.ActiveCfg = Debug|Any CPU
		{6ED9FDE8-AC97-4967-80BD-EA66E5C604E0}.Debug|x64.Build.0 = Debug|Any CPU
		{6ED9FDE8-AC97-4967-80BD-EA66E5C604E0}.Debug|x86.ActiveCfg = Debug|Any CPU
		{6ED9FDE8-AC97-4967-80BD-EA66E5C604E0}.Debug|x86.Build.0 = Debug|Any CPU
		{6ED9FDE8-AC97-4967-80BD-EA66E5C604E0}.Release|Any CPU.ActiveCfg = Release|Any CPU
		{6ED9FDE8-AC97-4967-80BD-EA66E5C604E0}.Release|Any CPU.Build.0 = Release|Any CPU
		{6ED9FDE8-AC97-4967-80BD-EA66E5C604E0}.Release|x64.ActiveCfg = Release|Any CPU
		{6ED9FDE8-AC97-4967-80BD-EA66E5C604E0}.Release|x64.Build.0 = Release|Any CPU
		{6ED9FDE8-AC97-4967-80BD-EA66E5C604E0}.Release|x86.ActiveCfg = Release|Any CPU
		{6ED9FDE8-AC97-4967-80BD-EA66E5C604E0}.Release|x86.Build.0 = Release|Any CPU
	EndGlobalSection
	GlobalSection(SolutionProperties) = preSolution
		HideSolutionNode = FALSE
	EndGlobalSection
	GlobalSection(NestedProjects) = preSolution
		{7415EA8A-CBF3-509F-058B-DE5FB4485440} = {39D015AD-C082-7B20-CB16-B6382400A82B}
		{6ED9FDE8-AC97-4967-80BD-EA66E5C604E0} = {7415EA8A-CBF3-509F-058B-DE5FB4485440}
	EndGlobalSection
EndGlobal
